// !$*UTF8*$!
{
	archiveVersion = 1;
	classes = {
	};
	objectVersion = 50;
	objects = {

/* Begin PBXBuildFile section */
		9ABB3DD1261EEFFD007F7A4C /* AppDelegate.swift in Sources */ = {isa = PBXBuildFile; fileRef = 9ABB3DD0261EEFFD007F7A4C /* AppDelegate.swift */; };
		9ABB3DD3261EEFFD007F7A4C /* SceneDelegate.swift in Sources */ = {isa = PBXBuildFile; fileRef = 9ABB3DD2261EEFFD007F7A4C /* SceneDelegate.swift */; };
		9ABB3DD5261EEFFD007F7A4C /* ContentView.swift in Sources */ = {isa = PBXBuildFile; fileRef = 9ABB3DD4261EEFFD007F7A4C /* ContentView.swift */; };
		9ABB3DD7261EEFFF007F7A4C /* Assets.xcassets in Resources */ = {isa = PBXBuildFile; fileRef = 9ABB3DD6261EEFFF007F7A4C /* Assets.xcassets */; };
		9ABB3DDA261EEFFF007F7A4C /* Preview Assets.xcassets in Resources */ = {isa = PBXBuildFile; fileRef = 9ABB3DD9261EEFFF007F7A4C /* Preview Assets.xcassets */; };
		9ABB3DDD261EEFFF007F7A4C /* LaunchScreen.storyboard in Resources */ = {isa = PBXBuildFile; fileRef = 9ABB3DDB261EEFFF007F7A4C /* LaunchScreen.storyboard */; };
/* End PBXBuildFile section */

/* Begin PBXFileReference section */
		9ABB3DCD261EEFFD007F7A4C /* Bugcat Capoo貓貓蟲咖波.app */ = {isa = PBXFileReference; explicitFileType = wrapper.application; includeInIndex = 0; path = "Bugcat Capoo貓貓蟲咖波.app"; sourceTree = BUILT_PRODUCTS_DIR; };
		9ABB3DD0261EEFFD007F7A4C /* AppDelegate.swift */ = {isa = PBXFileReference; lastKnownFileType = sourcecode.swift; path = AppDelegate.swift; sourceTree = "<group>"; };
		9ABB3DD2261EEFFD007F7A4C /* SceneDelegate.swift */ = {isa = PBXFileReference; lastKnownFileType = sourcecode.swift; path = SceneDelegate.swift; sourceTree = "<group>"; };
		9ABB3DD4261EEFFD007F7A4C /* ContentView.swift */ = {isa = PBXFileReference; lastKnownFileType = sourcecode.swift; path = ContentView.swift; sourceTree = "<group>"; };
		9ABB3DD6261EEFFF007F7A4C /* Assets.xcassets */ = {isa = PBXFileReference; lastKnownFileType = folder.assetcatalog; path = Assets.xcassets; sourceTree = "<group>"; };
		9ABB3DD9261EEFFF007F7A4C /* Preview Assets.xcassets */ = {isa = PBXFileReference; lastKnownFileType = folder.assetcatalog; path = "Preview Assets.xcassets"; sourceTree = "<group>"; };
		9ABB3DDC261EEFFF007F7A4C /* Base */ = {isa = PBXFileReference; lastKnownFileType = file.storyboard; name = Base; path = Base.lproj/LaunchScreen.storyboard; sourceTree = "<group>"; };
		9ABB3DDE261EEFFF007F7A4C /* Info.plist */ = {isa = PBXFileReference; lastKnownFileType = text.plist.xml; path = Info.plist; sourceTree = "<group>"; };
/* End PBXFileReference section */

/* Begin PBXFrameworksBuildPhase section */
		9ABB3DCA261EEFFD007F7A4C /* Frameworks */ = {
			isa = PBXFrameworksBuildPhase;
			buildActionMask = 2147483647;
			files = (
			);
			runOnlyForDeploymentPostprocessing = 0;
		};
/* End PBXFrameworksBuildPhase section */

/* Begin PBXGroup section */
		9ABB3DC4261EEFFD007F7A4C = {
			isa = PBXGroup;
			children = (
				9ABB3DCF261EEFFD007F7A4C /* Bugcat Capoo貓貓蟲咖波 */,
				9ABB3DCE261EEFFD007F7A4C /* Products */,
			);
			sourceTree = "<group>";
		};
		9ABB3DCE261EEFFD007F7A4C /* Products */ = {
			isa = PBXGroup;
			children = (
				9ABB3DCD261EEFFD007F7A4C /* Bugcat Capoo貓貓蟲咖波.app */,
			);
			name = Products;
			sourceTree = "<group>";
		};
		9ABB3DCF261EEFFD007F7A4C /* Bugcat Capoo貓貓蟲咖波 */ = {
			isa = PBXGroup;
			children = (
				9ABB3DD0261EEFFD007F7A4C /* AppDelegate.swift */,
				9ABB3DD2261EEFFD007F7A4C /* SceneDelegate.swift */,
				9ABB3DD4261EEFFD007F7A4C /* ContentView.swift */,
				9ABB3DD6261EEFFF007F7A4C /* Assets.xcassets */,
				9ABB3DDB261EEFFF007F7A4C /* LaunchScreen.storyboard */,
				9ABB3DDE261EEFFF007F7A4C /* Info.plist */,
				9ABB3DD8261EEFFF007F7A4C /* Preview Content */,
			);
			path = "Bugcat Capoo貓貓蟲咖波";
			sourceTree = "<group>";
		};
		9ABB3DD8261EEFFF007F7A4C /* Preview Content */ = {
			isa = PBXGroup;
			children = (
				9ABB3DD9261EEFFF007F7A4C /* Preview Assets.xcassets */,
			);
			path = "Preview Content";
			sourceTree = "<group>";
		};
/* End PBXGroup section */

/* Begin PBXNativeTarget section */
		9ABB3DCC261EEFFD007F7A4C /* Bugcat Capoo貓貓蟲咖波 */ = {
			isa = PBXNativeTarget;
			buildConfigurationList = 9ABB3DE1261EEFFF007F7A4C /* Build configuration list for PBXNativeTarget "Bugcat Capoo貓貓蟲咖波" */;
			buildPhases = (
				9ABB3DC9261EEFFD007F7A4C /* Sources */,
				9ABB3DCA261EEFFD007F7A4C /* Frameworks */,
				9ABB3DCB261EEFFD007F7A4C /* Resources */,
			);
			buildRules = (
			);
			dependencies = (
			);
			name = "Bugcat Capoo貓貓蟲咖波";
			productName = "Bugcat Capoo貓貓蟲咖波";
			productReference = 9ABB3DCD261EEFFD007F7A4C /* Bugcat Capoo貓貓蟲咖波.app */;
			productType = "com.apple.product-type.application";
		};
/* End PBXNativeTarget section */

/* Begin PBXProject section */
		9ABB3DC5261EEFFD007F7A4C /* Project object */ = {
			isa = PBXProject;
			attributes = {
				LastSwiftUpdateCheck = 1240;
				LastUpgradeCheck = 1240;
				TargetAttributes = {
					9ABB3DCC261EEFFD007F7A4C = {
						CreatedOnToolsVersion = 12.4;
					};
				};
			};
			buildConfigurationList = 9ABB3DC8261EEFFD007F7A4C /* Build configuration list for PBXProject "Bugcat Capoo貓貓蟲咖波" */;
			compatibilityVersion = "Xcode 9.3";
			developmentRegion = en;
			hasScannedForEncodings = 0;
			knownRegions = (
				en,
				Base,
			);
			mainGroup = 9ABB3DC4261EEFFD007F7A4C;
			productRefGroup = 9ABB3DCE261EEFFD007F7A4C /* Products */;
			projectDirPath = "";
			projectRoot = "";
			targets = (
				9ABB3DCC261EEFFD007F7A4C /* Bugcat Capoo貓貓蟲咖波 */,
			);
		};
/* End PBXProject section */

/* Begin PBXResourcesBuildPhase section */
		9ABB3DCB261EEFFD007F7A4C /* Resources */ = {
			isa = PBXResourcesBuildPhase;
			buildActionMask = 2147483647;
			files = (
				9ABB3DDD261EEFFF007F7A4C /* LaunchScreen.storyboard in Resources */,
				9ABB3DDA261EEFFF007F7A4C /* Preview Assets.xcassets in Resources */,
				9ABB3DD7261EEFFF007F7A4C /* Assets.xcassets in Resources */,
			);
			runOnlyForDeploymentPostprocessing = 0;
		};
/* End PBXResourcesBuildPhase section */

/* Begin PBXSourcesBuildPhase section */
		9ABB3DC9261EEFFD007F7A4C /* Sources */ = {
			isa = PBXSourcesBuildPhase;
			buildActionMask = 2147483647;
			files = (
				9ABB3DD1261EEFFD007F7A4C /* AppDelegate.swift in Sources */,
				9ABB3DD3261EEFFD007F7A4C /* SceneDelegate.swift in Sources */,
				9ABB3DD5261EEFFD007F7A4C /* ContentView.swift in Sources */,
			);
			runOnlyForDeploymentPostprocessing = 0;
		};
/* End PBXSourcesBuildPhase section */

/* Begin PBXVariantGroup section */
		9ABB3DDB261EEFFF007F7A4C /* LaunchScreen.storyboard */ = {
			isa = PBXVariantGroup;
			children = (
				9ABB3DDC261EEFFF007F7A4C /* Base */,
			);
			name = LaunchScreen.storyboard;
			sourceTree = "<group>";
		};
/* End PBXVariantGroup section */

/* Begin XCBuildConfiguration section */
		9ABB3DDF261EEFFF007F7A4C /* Debug */ = {
			isa = XCBuildConfiguration;
			buildSettings = {
				ALWAYS_SEARCH_USER_PATHS = NO;
				CLANG_ANALYZER_NONNULL = YES;
				CLANG_ANALYZER_NUMBER_OBJECT_CONVERSION = YES_AGGRESSIVE;
				CLANG_CXX_LANGUAGE_STANDARD = "gnu++14";
				CLANG_CXX_LIBRARY = "libc++";
				CLANG_ENABLE_MODULES = YES;
				CLANG_ENABLE_OBJC_ARC = YES;
				CLANG_ENABLE_OBJC_WEAK = YES;
				CLANG_WARN_BLOCK_CAPTURE_AUTORELEASING = YES;
				CLANG_WARN_BOOL_CONVERSION = YES;
				CLANG_WARN_COMMA = YES;
				CLANG_WARN_CONSTANT_CONVERSION = YES;
				CLANG_WARN_DEPRECATED_OBJC_IMPLEMENTATIONS = YES;
				CLANG_WARN_DIRECT_OBJC_ISA_USAGE = YES_ERROR;
				CLANG_WARN_DOCUMENTATION_COMMENTS = YES;
				CLANG_WARN_EMPTY_BODY = YES;
				CLANG_WARN_ENUM_CONVERSION = YES;
				CLANG_WARN_INFINITE_RECURSION = YES;
				CLANG_WARN_INT_CONVERSION = YES;
				CLANG_WARN_NON_LITERAL_NULL_CONVERSION = YES;
				CLANG_WARN_OBJC_IMPLICIT_RETAIN_SELF = YES;
				CLANG_WARN_OBJC_LITERAL_CONVERSION = YES;
				CLANG_WARN_OBJC_ROOT_CLASS = YES_ERROR;
				CLANG_WARN_QUOTED_INCLUDE_IN_FRAMEWORK_HEADER = YES;
				CLANG_WARN_RANGE_LOOP_ANALYSIS = YES;
				CLANG_WARN_STRICT_PROTOTYPES = YES;
				CLANG_WARN_SUSPICIOUS_MOVE = YES;
				CLANG_WARN_UNGUARDED_AVAILABILITY = YES_AGGRESSIVE;
				CLANG_WARN_UNREACHABLE_CODE = YES;
				CLANG_WARN__DUPLICATE_METHOD_MATCH = YES;
				COPY_PHASE_STRIP = NO;
				DEBUG_INFORMATION_FORMAT = dwarf;
				ENABLE_STRICT_OBJC_MSGSEND = YES;
				ENABLE_TESTABILITY = YES;
				GCC_C_LANGUAGE_STANDARD = gnu11;
				GCC_DYNAMIC_NO_PIC = NO;
				GCC_NO_COMMON_BLOCKS = YES;
				GCC_OPTIMIZATION_LEVEL = 0;
				GCC_PREPROCESSOR_DEFINITIONS = (
					"DEBUG=1",
					"$(inherited)",
				);
				GCC_WARN_64_TO_32_BIT_CONVERSION = YES;
				GCC_WARN_ABOUT_RETURN_TYPE = YES_ERROR;
				GCC_WARN_UNDECLARED_SELECTOR = YES;
				GCC_WARN_UNINITIALIZED_AUTOS = YES_AGGRESSIVE;
				GCC_WARN_UNUSED_FUNCTION = YES;
				GCC_WARN_UNUSED_VARIABLE = YES;
				IPHONEOS_DEPLOYMENT_TARGET = 14.4;
				MTL_ENABLE_DEBUG_INFO = INCLUDE_SOURCE;
				MTL_FAST_MATH = YES;
				ONLY_ACTIVE_ARCH = YES;
				SDKROOT = iphoneos;
				SWIFT_ACTIVE_COMPILATION_CONDITIONS = DEBUG;
				SWIFT_OPTIMIZATION_LEVEL = "-Onone";
			};
			name = Debug;
		};
		9ABB3DE0261EEFFF007F7A4C /* Release */ = {
			isa = XCBuildConfiguration;
			buildSettings = {
				ALWAYS_SEARCH_USER_PATHS = NO;
				CLANG_ANALYZER_NONNULL = YES;
				CLANG_ANALYZER_NUMBER_OBJECT_CONVERSION = YES_AGGRESSIVE;
				CLANG_CXX_LANGUAGE_STANDARD = "gnu++14";
				CLANG_CXX_LIBRARY = "libc++";
				CLANG_ENABLE_MODULES = YES;
				CLANG_ENABLE_OBJC_ARC = YES;
				CLANG_ENABLE_OBJC_WEAK = YES;
				CLANG_WARN_BLOCK_CAPTURE_AUTORELEASING = YES;
				CLANG_WARN_BOOL_CONVERSION = YES;
				CLANG_WARN_COMMA = YES;
				CLANG_WARN_CONSTANT_CONVERSION = YES;
				CLANG_WARN_DEPRECATED_OBJC_IMPLEMENTATIONS = YES;
				CLANG_WARN_DIRECT_OBJC_ISA_USAGE = YES_ERROR;
				CLANG_WARN_DOCUMENTATION_COMMENTS = YES;
				CLANG_WARN_EMPTY_BODY = YES;
				CLANG_WARN_ENUM_CONVERSION = YES;
				CLANG_WARN_INFINITE_RECURSION = YES;
				CLANG_WARN_INT_CONVERSION = YES;
				CLANG_WARN_NON_LITERAL_NULL_CONVERSION = YES;
				CLANG_WARN_OBJC_IMPLICIT_RETAIN_SELF = YES;
				CLANG_WARN_OBJC_LITERAL_CONVERSION = YES;
				CLANG_WARN_OBJC_ROOT_CLASS = YES_ERROR;
				CLANG_WARN_QUOTED_INCLUDE_IN_FRAMEWORK_HEADER = YES;
				CLANG_WARN_RANGE_LOOP_ANALYSIS = YES;
				CLANG_WARN_STRICT_PROTOTYPES = YES;
				CLANG_WARN_SUSPICIOUS_MOVE = YES;
				CLANG_WARN_UNGUARDED_AVAILABILITY = YES_AGGRESSIVE;
				CLANG_WARN_UNREACHABLE_CODE = YES;
				CLANG_WARN__DUPLICATE_METHOD_MATCH = YES;
				COPY_PHASE_STRIP = NO;
				DEBUG_INFORMATION_FORMAT = "dwarf-with-dsym";
				ENABLE_NS_ASSERTIONS = NO;
				ENABLE_STRICT_OBJC_MSGSEND = YES;
				GCC_C_LANGUAGE_STANDARD = gnu11;
				GCC_NO_COMMON_BLOCKS = YES;
				GCC_WARN_64_TO_32_BIT_CONVERSION = YES;
				GCC_WARN_ABOUT_RETURN_TYPE = YES_ERROR;
				GCC_WARN_UNDECLARED_SELECTOR = YES;
				GCC_WARN_UNINITIALIZED_AUTOS = YES_AGGRESSIVE;
				GCC_WARN_UNUSED_FUNCTION = YES;
				GCC_WARN_UNUSED_VARIABLE = YES;
				IPHONEOS_DEPLOYMENT_TARGET = 14.4;
				MTL_ENABLE_DEBUG_INFO = NO;
				MTL_FAST_MATH = YES;
				SDKROOT = iphoneos;
				SWIFT_COMPILATION_MODE = wholemodule;
				SWIFT_OPTIMIZATION_LEVEL = "-O";
				VALIDATE_PRODUCT = YES;
			};
			name = Release;
		};
		9ABB3DE2261EEFFF007F7A4C /* Debug */ = {
			isa = XCBuildConfiguration;
			buildSettings = {
				ASSETCATALOG_COMPILER_APPICON_NAME = AppIcon;
				ASSETCATALOG_COMPILER_GLOBAL_ACCENT_COLOR_NAME = AccentColor;
				CODE_SIGN_STYLE = Automatic;
				DEVELOPMENT_ASSET_PATHS = "\"Bugcat Capoo貓貓蟲咖波/Preview Content\"";
				DEVELOPMENT_TEAM = Q552KV7YR5;
				ENABLE_PREVIEWS = YES;
				INFOPLIST_FILE = "Bugcat Capoo貓貓蟲咖波/Info.plist";
				LD_RUNPATH_SEARCH_PATHS = (
					"$(inherited)",
					"@executable_path/Frameworks",
				);
				PRODUCT_BUNDLE_IDENTIFIER = "CuteBunny.Bugcat-Capoo-----";
				PRODUCT_NAME = "$(TARGET_NAME)";
				SWIFT_VERSION = 5.0;
				TARGETED_DEVICE_FAMILY = "1,2";
			};
			name = Debug;
		};
		9ABB3DE3261EEFFF007F7A4C /* Release */ = {
			isa = XCBuildConfiguration;
			buildSettings = {
				ASSETCATALOG_COMPILER_APPICON_NAME = AppIcon;
				ASSETCATALOG_COMPILER_GLOBAL_ACCENT_COLOR_NAME = AccentColor;
				CODE_SIGN_STYLE = Automatic;
				DEVELOPMENT_ASSET_PATHS = "\"Bugcat Capoo貓貓蟲咖波/Preview Content\"";
				DEVELOPMENT_TEAM = Q552KV7YR5;
				ENABLE_PREVIEWS = YES;
				INFOPLIST_FILE = "Bugcat Capoo貓貓蟲咖波/Info.plist";
				LD_RUNPATH_SEARCH_PATHS = (
					"$(inherited)",
					"@executable_path/Frameworks",
				);
				PRODUCT_BUNDLE_IDENTIFIER = "CuteBunny.Bugcat-Capoo-----";
				PRODUCT_NAME = "$(TARGET_NAME)";
				SWIFT_VERSION = 5.0;
				TARGETED_DEVICE_FAMILY = "1,2";
			};
			name = Release;
		};
/* End XCBuildConfiguration section */

/* Begin XCConfigurationList section */
		9ABB3DC8261EEFFD007F7A4C /* Build configuration list for PBXProject "Bugcat Capoo貓貓蟲咖波" */ = {
			isa = XCConfigurationList;
			buildConfigurations = (
				9ABB3DDF261EEFFF007F7A4C /* Debug */,
				9ABB3DE0261EEFFF007F7A4C /* Release */,
			);
			defaultConfigurationIsVisible = 0;
			defaultConfigurationName = Release;
		};
		9ABB3DE1261EEFFF007F7A4C /* Build configuration list for PBXNativeTarget "Bugcat Capoo貓貓蟲咖波" */ = {
			isa = XCConfigurationList;
			buildConfigurations = (
				9ABB3DE2261EEFFF007F7A4C /* Debug */,
				9ABB3DE3261EEFFF007F7A4C /* Release */,
			);
			defaultConfigurationIsVisible = 0;
			defaultConfigurationName = Release;
		};
/* End XCConfigurationList section */
	};
	rootObject = 9ABB3DC5261EEFFD007F7A4C /* Project object */;
}
